
Microsoft Visual Studio Solution File, Format Version 12.00
# Visual Studio Version 17
VisualStudioVersion = 17.9.34902.65
MinimumVisualStudioVersion = 10.0.40219.1
Project("{FAE04EC0-301F-11D3-BF4B-00C04F79EFBC}") = "SeleniumBasics", "SeleniumBasics.csproj", "{D4342B0B-166D-4809-AE34-6FE61D292748}"
EndProject
Global
	GlobalSection(SolutionConfigurationPlatforms) = preSolution
		Debug|Any CPU = Debug|Any CPU
		Release|Any CPU = Release|Any CPU
	EndGlobalSection
	GlobalSection(ProjectConfigurationPlatforms) = postSolution
		{D4342B0B-166D-4809-AE34-6FE61D292748}.Debug|Any CPU.ActiveCfg = Debug|Any CPU
		{D4342B0B-166D-4809-AE34-6FE61D292748}.Debug|Any CPU.Build.0 = Debug|Any CPU
		{D4342B0B-166D-4809-AE34-6FE61D292748}.Release|Any CPU.ActiveCfg = Release|Any CPU
		{D4342B0B-166D-4809-AE34-6FE61D292748}.Release|Any CPU.Build.0 = Release|Any CPU
	EndGlobalSection
	GlobalSection(SolutionProperties) = preSolution
		HideSolutionNode = FALSE
	EndGlobalSection
	GlobalSection(ExtensibilityGlobals) = postSolution
		SolutionGuid = {4E1CDCC0-87B7-46B2-96C2-DBC2CDA3E1DF}
	EndGlobalSection
EndGlobal
